Microsoft Visual Studio Solution File, Format Version 12.00
# Visual Studio Version 17
VisualStudioVersion = 17.5.2.0
MinimumVisualStudioVersion = 10.0.40219.1
Project("{FAE04EC0-301F-11D3-BF4B-00C04F79EFBC}") = "EngineNet", "EngineNet\EngineNet.csproj", "{E9A6C93D-0A40-4E5C-978F-F737C5DB35B5}"
EndProject
Project("{FAE04EC0-301F-11D3-BF4B-00C04F79EFBC}") = "EngineNet.Tests", "Unit.Tests\EngineNet.Tests.csproj", "{F0880F11-ED73-A557-78A7-C51F36FB834E}"
EndProject

Global
	GlobalSection(SolutionConfigurationPlatforms) = preSolution
		Debug|Any CPU = Debug|Any CPU
		Release|Any CPU = Release|Any CPU
	EndGlobalSection
	GlobalSection(ProjectConfigurationPlatforms) = postSolution
		{E9A6C93D-0A40-4E5C-978F-F737C5DB35B5}.Debug|Any CPU.ActiveCfg = Debug|Any CPU
		{E9A6C93D-0A40-4E5C-978F-F737C5DB35B5}.Debug|Any CPU.Build.0 = Debug|Any CPU
		{E9A6C93D-0A40-4E5C-978F-F737C5DB35B5}.Release|Any CPU.ActiveCfg = Release|Any CPU
		{E9A6C93D-0A40-4E5C-978F-F737C5DB35B5}.Release|Any CPU.Build.0 = Release|Any CPU
		{F0880F11-ED73-A557-78A7-C51F36FB834E}.Debug|Any CPU.ActiveCfg = Debug|Any CPU
		{F0880F11-ED73-A557-78A7-C51F36FB834E}.Debug|Any CPU.Build.0 = Debug|Any CPU
		{F0880F11-ED73-A557-78A7-C51F36FB834E}.Release|Any CPU.ActiveCfg = Release|Any CPU
		{F0880F11-ED73-A557-78A7-C51F36FB834E}.Release|Any CPU.Build.0 = Release|Any CPU
	EndGlobalSection
	GlobalSection(ExtensibilityGlobals) = postSolution
		SolutionGuid = {390F3F48-1407-465C-8E5A-964D40622118}
	EndGlobalSection
EndGlobal
