Microsoft Visual Studio Solution File, Format Version 12.00
# Visual Studio Version 17
VisualStudioVersion = 17.8.34330.188
MinimumVisualStudioVersion = 10.0.40219.1
Project("{9A19103F-16F7-4668-BE54-9A1E7A4F7556}") = "EngineNet", "EngineNet\EngineNet.csproj", "{4F1B69D2-2E6B-4E56-9EE9-6C9CF4D90A63}"
EndProject
Project("{9A19103F-16F7-4668-BE54-9A1E7A4F7556}") = "EngineNet.Tests", "EngineNet.Tests\EngineNet.Tests.csproj", "{7D5D1172-0C63-4AF8-9BDE-5D8BA48F2E3A}"
EndProject
Global
	GlobalSection(SolutionConfigurationPlatforms) = preSolution
		Debug|Any CPU = Debug|Any CPU
		Release|Any CPU = Release|Any CPU
	EndGlobalSection
	GlobalSection(ProjectConfigurationPlatforms) = postSolution
		{4F1B69D2-2E6B-4E56-9EE9-6C9CF4D90A63}.Debug|Any CPU.ActiveCfg = Debug|Any CPU
		{4F1B69D2-2E6B-4E56-9EE9-6C9CF4D90A63}.Debug|Any CPU.Build.0 = Debug|Any CPU
		{4F1B69D2-2E6B-4E56-9EE9-6C9CF4D90A63}.Release|Any CPU.ActiveCfg = Release|Any CPU
		{4F1B69D2-2E6B-4E56-9EE9-6C9CF4D90A63}.Release|Any CPU.Build.0 = Release|Any CPU
		{7D5D1172-0C63-4AF8-9BDE-5D8BA48F2E3A}.Debug|Any CPU.ActiveCfg = Debug|Any CPU
		{7D5D1172-0C63-4AF8-9BDE-5D8BA48F2E3A}.Debug|Any CPU.Build.0 = Debug|Any CPU
		{7D5D1172-0C63-4AF8-9BDE-5D8BA48F2E3A}.Release|Any CPU.ActiveCfg = Release|Any CPU
		{7D5D1172-0C63-4AF8-9BDE-5D8BA48F2E3A}.Release|Any CPU.Build.0 = Release|Any CPU
	EndGlobalSection
	GlobalSection(SolutionProperties) = preSolution
		HideSolutionNode = FALSE
	EndGlobalSection
EndGlobal
