Microsoft Visual Studio Solution File, Format Version 12.00
# Visual Studio Version 17
VisualStudioVersion = 17.0.31903.59
MinimumVisualStudioVersion = 10.0.40219.1
Project("{FAE04EC0-301F-11D3-BF4B-00C04F79EFBC}") = "EngineNet", "EngineNet\EngineNet.csproj", "{E8C2A379-E3FF-0337-D9BF-BA5A95745CB6}"
EndProject
Project("{FAE04EC0-301F-11D3-BF4B-00C04F79EFBC}") = "EngineNet.Core", "EngineNet\source\Core\EngineNet.Core.csproj", "{7AB48079-3899-8006-7255-3CA7E7D7AA02}"
EndProject
Project("{FAE04EC0-301F-11D3-BF4B-00C04F79EFBC}") = "EngineNet.Interface", "EngineNet\source\Interface\EngineNet.Interface.csproj", "{16E797B5-704D-4731-42E3-14A6E6D1F5BC}"
EndProject
Global
	GlobalSection(SolutionConfigurationPlatforms) = preSolution
		Debug|Any CPU = Debug|Any CPU
		Release|Any CPU = Release|Any CPU
	EndGlobalSection
	GlobalSection(ProjectConfigurationPlatforms) = postSolution
		{E8C2A379-E3FF-0337-D9BF-BA5A95745CB6}.Debug|Any CPU.ActiveCfg = Debug|Any CPU
		{E8C2A379-E3FF-0337-D9BF-BA5A95745CB6}.Debug|Any CPU.Build.0 = Debug|Any CPU
		{E8C2A379-E3FF-0337-D9BF-BA5A95745CB6}.Release|Any CPU.ActiveCfg = Release|Any CPU
		{E8C2A379-E3FF-0337-D9BF-BA5A95745CB6}.Release|Any CPU.Build.0 = Release|Any CPU
		{7AB48079-3899-8006-7255-3CA7E7D7AA02}.Debug|Any CPU.ActiveCfg = Debug|Any CPU
		{7AB48079-3899-8006-7255-3CA7E7D7AA02}.Debug|Any CPU.Build.0 = Debug|Any CPU
		{7AB48079-3899-8006-7255-3CA7E7D7AA02}.Release|Any CPU.ActiveCfg = Release|Any CPU
		{7AB48079-3899-8006-7255-3CA7E7D7AA02}.Release|Any CPU.Build.0 = Release|Any CPU
		{16E797B5-704D-4731-42E3-14A6E6D1F5BC}.Debug|Any CPU.ActiveCfg = Debug|Any CPU
		{16E797B5-704D-4731-42E3-14A6E6D1F5BC}.Debug|Any CPU.Build.0 = Debug|Any CPU
		{16E797B5-704D-4731-42E3-14A6E6D1F5BC}.Release|Any CPU.ActiveCfg = Release|Any CPU
		{16E797B5-704D-4731-42E3-14A6E6D1F5BC}.Release|Any CPU.Build.0 = Release|Any CPU
	EndGlobalSection
	GlobalSection(SolutionProperties) = preSolution
		HideSolutionNode = FALSE
	EndGlobalSection
EndGlobal
